{
  "name": "trakkt-e2e",
  "version": "1.0.0",
  "lockfileVersion": 3,
  "requires": true,
  "packages": {
    "": {
      "name": "trakkt-e2e",
      "version": "1.0.0",
      "dependencies": {
        "argon2": "^0.44.0"
      },
      "devDependencies": {
        "@playwright/test": "^1.61.1",
        "otplib": "^13.4.0"
      }
    },
    "node_modules/@epic-web/invariant": {
      "version": "1.0.0",
      "resolved": "https://registry.npmjs.org/@epic-web/invariant/-/invariant-1.0.0.tgz",
      "integrity": "sha512-lrTPqgvfFQtR/eY/qkIzp98OGdNJu0m5ji3q/nJI8v3SXkRKEnWiOxMmbvcSoAIzv/cGiuvRy57k4suKQSAdwA==",
      "license": "MIT"
    },
    "node_modules/@noble/hashes": {
      "version": "2.2.0",
      "resolved": "https://registry.npmjs.org/@noble/hashes/-/hashes-2.2.0.tgz",
      "integrity": "sha512-IYqDGiTXab6FniAgnSdZwgWbomxpy9FtYvLKs7wCUs2a8RkITG+DFGO1DM9cr+E3/RgADRpFjrKVaJ1z6sjtEg==",
      "dev": true,
      "license": "MIT",
      "engines": {
        "node": ">= 20.19.0"
      },
      "funding": {
        "url": "https://paulmillr.com/funding/"
      }
    },
    "node_modules/@otplib/core": {
      "version": "13.4.0",
      "resolved": "https://registry.npmjs.org/@otplib/core/-/core-13.4.0.tgz",
      "integrity": "sha512-JqOGcvZQi2wIkEQo8f3/iAjstavpXy6gouIDMHygjNuH6Q0FjbHOiXMdcE94RwfgDNMABhzwUmvaPsxvgm9NYw==",
      "dev": true,
      "license": "MIT"
    },
    "node_modules/@otplib/hotp": {
      "version": "13.4.0",
      "resolved": "https://registry.npmjs.org/@otplib/hotp/-/hotp-13.4.0.tgz",
      "integrity": "sha512-MJjE0x06mn2ptymz5qZmQveb+vWFuaIftqE0b5/TZZqUOK7l97cV8lRTmid5BpAQMwJDNLW6RnYxGeCRiNdekw==",
      "dev": true,
      "license": "MIT",
      "dependencies": {
        "@otplib/core": "13.4.0",
        "@otplib/uri": "13.4.0"
      }
    },
    "node_modules/@otplib/plugin-base32-scure": {
      "version": "13.4.0",
      "resolved": "https://registry.npmjs.org/@otplib/plugin-base32-scure/-/plugin-base32-scure-13.4.0.tgz",
      "integrity": "sha512-/t9YWJmMbB8bF5z8mXrBZc2FXBe8B/3hG5FhWr9K8cFwFhyxScbPysmZe8s1UTzSA6N+s8Uv8aIfCtVXPNjJWw==",
      "dev": true,
      "license": "MIT",
      "dependencies": {
        "@otplib/core": "13.4.0",
        "@scure/base": "^2.0.0"
      }
    },
    "node_modules/@otplib/plugin-crypto-noble": {
      "version": "13.4.0",
      "resolved": "https://registry.npmjs.org/@otplib/plugin-crypto-noble/-/plugin-crypto-noble-13.4.0.tgz",
      "integrity": "sha512-KrvE4m7Zv+TT1944HzgqFJWJpKb6AyoxDbvhPStmBqdMlv5Gekb80d66cuFRL08kkPgJ5gXUSb5SFpYeB+bACg==",
      "dev": true,
      "license": "MIT",
      "dependencies": {
        "@noble/hashes": "^2.0.1",
        "@otplib/core": "13.4.0"
      }
    },
    "node_modules/@otplib/totp": {
      "version": "13.4.0",
      "resolved": "https://registry.npmjs.org/@otplib/totp/-/totp-13.4.0.tgz",
      "integrity": "sha512-dK+vl0f0ekzf6mCENRI9AKS2NJUC7OjI3+X8e7QSnhQ2WM7I+i4PGpb3QxKi5hxjTtwVuoZwXR2CFtXdcRtNdQ==",
      "dev": true,
      "license": "MIT",
      "dependencies": {
        "@otplib/core": "13.4.0",
        "@otplib/hotp": "13.4.0",
        "@otplib/uri": "13.4.0"
      }
    },
    "node_modules/@otplib/uri": {
      "version": "13.4.0",
      "resolved": "https://registry.npmjs.org/@otplib/uri/-/uri-13.4.0.tgz",
      "integrity": "sha512-x1ozBa5bPbdZCrrTL/HK21qchiK7jYElTu+0ft22abeEhiLYgH1+SIULvOcVk3CK8YwF4kdcidvkq4ciejucJA==",
      "dev": true,
      "license": "MIT",
      "dependencies": {
        "@otplib/core": "13.4.0"
      }
    },
    "node_modules/@phc/format": {
      "version": "1.0.0",
      "resolved": "https://registry.npmjs.org/@phc/format/-/format-1.0.0.tgz",
      "integrity": "sha512-m7X9U6BG2+J+R1lSOdCiITLLrxm+cWlNI3HUFA92oLO77ObGNzaKdh8pMLqdZcshtkKuV84olNNXDfMc4FezBQ==",
      "license": "MIT",
      "engines": {
        "node": ">=10"
      }
    },
    "node_modules/@playwright/test": {
      "version": "1.61.1",
      "resolved": "https://registry.npmjs.org/@playwright/test/-/test-1.61.1.tgz",
      "integrity": "sha512-8nKv6+0RJSL9FE4jYOEGXnPeM/Hg12qZpmqzZjRh3qM0Y7c3z1mrOTfFLids72RDQYVh9WpLEfR5WdpNX4fkig==",
      "dev": true,
      "license": "Apache-2.0",
      "dependencies": {
        "playwright": "1.61.1"
      },
      "bin": {
        "playwright": "cli.js"
      },
      "engines": {
        "node": ">=18"
      }
    },
    "node_modules/@scure/base": {
      "version": "2.2.0",
      "resolved": "https://registry.npmjs.org/@scure/base/-/base-2.2.0.tgz",
      "integrity": "sha512-b8XEupJibegiXV+tDUseI8oLQc8ei3d/4Jkb2RpbHh3MfE054ov3uIz2dhFkB3FI8iwYkEh0gGCApkrYggkPNg==",
      "dev": true,
      "license": "MIT",
      "funding": {
        "url": "https://paulmillr.com/funding/"
      }
    },
    "node_modules/argon2": {
      "version": "0.44.0",
      "resolved": "https://registry.npmjs.org/argon2/-/argon2-0.44.0.tgz",
      "integrity": "sha512-zHPGN3S55sihSQo0dBbK0A5qpi2R31z7HZDZnry3ifOyj8bZZnpZND2gpmhnRGO1V/d555RwBqIK5W4Mrmv3ig==",
      "hasInstallScript": true,
      "license": "MIT",
      "dependencies": {
        "@phc/format": "^1.0.0",
        "cross-env": "^10.0.0",
        "node-addon-api": "^8.5.0",
        "node-gyp-build": "^4.8.4"
      },
      "engines": {
        "node": ">=16.17.0"
      }
    },
    "node_modules/cross-env": {
      "version": "10.1.0",
      "resolved": "https://registry.npmjs.org/cross-env/-/cross-env-10.1.0.tgz",
      "integrity": "sha512-GsYosgnACZTADcmEyJctkJIoqAhHjttw7RsFrVoJNXbsWWqaq6Ym+7kZjq6mS45O0jij6vtiReppKQEtqWy6Dw==",
      "license": "MIT",
      "dependencies": {
        "@epic-web/invariant": "^1.0.0",
        "cross-spawn": "^7.0.6"
      },
      "bin": {
        "cross-env": "dist/bin/cross-env.js",
        "cross-env-shell": "dist/bin/cross-env-shell.js"
      },
      "engines": {
        "node": ">=20"
      }
    },
    "node_modules/cross-spawn": {
      "version": "7.0.6",
      "resolved": "https://registry.npmjs.org/cross-spawn/-/cross-spawn-7.0.6.tgz",
      "integrity": "sha512-uV2QOWP2nWzsy2aMp8aRibhi9dlzF5Hgh5SHaB9OiTGEyDTiJJyx0uy51QXdyWbtAHNua4XJzUKca3OzKUd3vA==",
      "license": "MIT",
      "dependencies": {
        "path-key": "^3.1.0",
        "shebang-command": "^2.0.0",
        "which": "^2.0.1"
      },
      "engines": {
        "node": ">= 8"
      }
    },
    "node_modules/fsevents": {
      "version": "2.3.2",
      "resolved": "https://registry.npmjs.org/fsevents/-/fsevents-2.3.2.tgz",
      "integrity": "sha512-xiqMQR4xAeHTuB9uWm+fFRcIOgKBMiOBP+eXiyT7jsgVCq1bkVygt00oASowB7EdtpOHaaPgKt812P9ab+DDKA==",
      "dev": true,
      "hasInstallScript": true,
      "license": "MIT",
      "optional": true,
      "os": [
        "darwin"
      ],
      "engines": {
        "node": "^8.16.0 || ^10.6.0 || >=11.0.0"
      }
    },
    "node_modules/isexe": {
      "version": "2.0.0",
      "resolved": "https://registry.npmjs.org/isexe/-/isexe-2.0.0.tgz",
      "integrity": "sha512-RHxMLp9lnKHGHRng9QFhRCMbYAcVpn69smSGcq3f36xjgVVWThj4qqLbTLlq7Ssj8B+fIQ1EuCEGI2lKsyQeIw==",
      "license": "ISC"
    },
    "node_modules/node-addon-api": {
      "version": "8.7.0",
      "resolved": "https://registry.npmjs.org/node-addon-api/-/node-addon-api-8.7.0.tgz",
      "integrity": "sha512-9MdFxmkKaOYVTV+XVRG8ArDwwQ77XIgIPyKASB1k3JPq3M8fGQQQE3YpMOrKm6g//Ktx8ivZr8xo1Qmtqub+GA==",
      "license": "MIT",
      "engines": {
        "node": "^18 || ^20 || >= 21"
      }
    },
    "node_modules/node-gyp-build": {
      "version": "4.8.4",
      "resolved": "https://registry.npmjs.org/node-gyp-build/-/node-gyp-build-4.8.4.tgz",
      "integrity": "sha512-LA4ZjwlnUblHVgq0oBF3Jl/6h/Nvs5fzBLwdEF4nuxnFdsfajde4WfxtJr3CaiH+F6ewcIB/q4jQ4UzPyid+CQ==",
      "license": "MIT",
      "bin": {
        "node-gyp-build": "bin.js",
        "node-gyp-build-optional": "optional.js",
        "node-gyp-build-test": "build-test.js"
      }
    },
    "node_modules/otplib": {
      "version": "13.4.0",
      "resolved": "https://registry.npmjs.org/otplib/-/otplib-13.4.0.tgz",
      "integrity": "sha512-RUcYcRMCgRWhUE/XabRppXpUwCwaWBNHe5iPXhdvP8wwDGpGpsIf/kxX/ec3zFsOaM1Oq8lEhUqDwk6W7DHkwg==",
      "dev": true,
      "license": "MIT",
      "dependencies": {
        "@otplib/core": "13.4.0",
        "@otplib/hotp": "13.4.0",
        "@otplib/plugin-base32-scure": "13.4.0",
        "@otplib/plugin-crypto-noble": "13.4.0",
        "@otplib/totp": "13.4.0",
        "@otplib/uri": "13.4.0"
      }
    },
    "node_modules/path-key": {
      "version": "3.1.1",
      "resolved": "https://registry.npmjs.org/path-key/-/path-key-3.1.1.tgz",
      "integrity": "sha512-ojmeN0qd+y0jszEtoY48r0Peq5dwMEkIlCOu6Q5f41lfkswXuKtYrhgoTpLnyIcHm24Uhqx+5Tqm2InSwLhE6Q==",
      "license": "MIT",
      "engines": {
        "node": ">=8"
      }
    },
    "node_modules/playwright": {
      "version": "1.61.1",
      "resolved": "https://registry.npmjs.org/playwright/-/playwright-1.61.1.tgz",
      "integrity": "sha512-DWnY5o3YbLWK4GovuAVwpqL+1VwGNdUGrRr++8j8PtQQzvAVZUIMjKQ90fY689sEJZJBbZVw1rXaOKSTitkzPQ==",
      "dev": true,
      "license": "Apache-2.0",
      "dependencies": {
        "playwright-core": "1.61.1"
      },
      "bin": {
        "playwright": "cli.js"
      },
      "engines": {
        "node": ">=18"
      },
      "optionalDependencies": {
        "fsevents": "2.3.2"
      }
    },
    "node_modules/playwright-core": {
      "version": "1.61.1",
      "resolved": "https://registry.npmjs.org/playwright-core/-/playwright-core-1.61.1.tgz",
      "integrity": "sha512-h7Qlt6m4REp25qvIdvbDtVmD4LqVXfpRxhORv9L0jzETM05p4fuPJ3dKyuSXQxDSbXnmS79HAgi9589lGSpLkg==",
      "dev": true,
      "license": "Apache-2.0",
      "bin": {
        "playwright-core": "cli.js"
      },
      "engines": {
        "node": ">=18"
      }
    },
    "node_modules/shebang-command": {
      "version": "2.0.0",
      "resolved": "https://registry.npmjs.org/shebang-command/-/shebang-command-2.0.0.tgz",
      "integrity": "sha512-kHxr2zZpYtdmrN1qDjrrX/Z1rR1kG8Dx+gkpK1G4eXmvXswmcE1hTWBWYUzlraYw1/yZp6YuDY77YtvbN0dmDA==",
      "license": "MIT",
      "dependencies": {
        "shebang-regex": "^3.0.0"
      },
      "engines": {
        "node": ">=8"
      }
    },
    "node_modules/shebang-regex": {
      "version": "3.0.0",
      "resolved": "https://registry.npmjs.org/shebang-regex/-/shebang-regex-3.0.0.tgz",
      "integrity": "sha512-7++dFhtcx3353uBaq8DDR4NuxBetBzC7ZQOhmTQInHEd6bSrXdiEyzCvG07Z44UYdLShWUyXt5M/yhz8ekcb1A==",
      "license": "MIT",
      "engines": {
        "node": ">=8"
      }
    },
    "node_modules/which": {
      "version": "2.0.2",
      "resolved": "https://registry.npmjs.org/which/-/which-2.0.2.tgz",
      "integrity": "sha512-BLI3Tl1TW3Pvl70l3yq3Y64i+awpwXqsGBYWkkqMtnbXgrMD+yj7rhW0kuEDxzJaYXGjEW5ogapKNMEKNMjibA==",
      "license": "ISC",
      "dependencies": {
        "isexe": "^2.0.0"
      },
      "bin": {
        "node-which": "bin/node-which"
      },
      "engines": {
        "node": ">= 8"
      }
    }
  }
}
